// !$*UTF8*$!
{
	archiveVersion = 1;
	classes = {
	};
	objectVersion = 50;
	objects = {

/* Begin PBXBuildFile section */
		B5988BA926321BE9003F0780 /* AppDelegate.swift in Sources */ = {isa = PBXBuildFile; fileRef = B5988BA826321BE9003F0780 /* AppDelegate.swift */; };
		B5988BAB26321BE9003F0780 /* SceneDelegate.swift in Sources */ = {isa = PBXBuildFile; fileRef = B5988BAA26321BE9003F0780 /* SceneDelegate.swift */; };
		B5988BAD26321BE9003F0780 /* SplashViewController.swift in Sources */ = {isa = PBXBuildFile; fileRef = B5988BAC26321BE9003F0780 /* SplashViewController.swift */; };
		B5988BB026321BE9003F0780 /* Splash.storyboard in Resources */ = {isa = PBXBuildFile; fileRef = B5988BAE26321BE9003F0780 /* Splash.storyboard */; };
		B5988BB226321BEB003F0780 /* Assets.xcassets in Resources */ = {isa = PBXBuildFile; fileRef = B5988BB126321BEB003F0780 /* Assets.xcassets */; };
		B5988BB526321BEB003F0780 /* LaunchScreen.storyboard in Resources */ = {isa = PBXBuildFile; fileRef = B5988BB326321BEB003F0780 /* LaunchScreen.storyboard */; };
		B5988BC026321BEB003F0780 /* ReplicaBCPTests.swift in Sources */ = {isa = PBXBuildFile; fileRef = B5988BBF26321BEB003F0780 /* ReplicaBCPTests.swift */; };
		B5988BCB26321BEB003F0780 /* ReplicaBCPUITests.swift in Sources */ = {isa = PBXBuildFile; fileRef = B5988BCA26321BEB003F0780 /* ReplicaBCPUITests.swift */; };
		B5988C1A2632392B003F0780 /* Login.storyboard in Resources */ = {isa = PBXBuildFile; fileRef = B5988C192632392B003F0780 /* Login.storyboard */; };
		B5988C2026323950003F0780 /* Home.storyboard in Resources */ = {isa = PBXBuildFile; fileRef = B5988C1F26323950003F0780 /* Home.storyboard */; };
		B5988C2526323A06003F0780 /* LoginViewController.swift in Sources */ = {isa = PBXBuildFile; fileRef = B5988C2426323A06003F0780 /* LoginViewController.swift */; };
		B5988C2A26323A28003F0780 /* HomeViewController.swift in Sources */ = {isa = PBXBuildFile; fileRef = B5988C2926323A28003F0780 /* HomeViewController.swift */; };
		B5DFA00E26339BA80072C3D5 /* IGetDataInitialRepository.swift in Sources */ = {isa = PBXBuildFile; fileRef = B5DFA00D26339BA80072C3D5 /* IGetDataInitialRepository.swift */; };
		B5DFA01826339E370072C3D5 /* DataConfigurationModel.swift in Sources */ = {isa = PBXBuildFile; fileRef = B5DFA01726339E370072C3D5 /* DataConfigurationModel.swift */; };
		B5DFA01D26339F240072C3D5 /* Api.swift in Sources */ = {isa = PBXBuildFile; fileRef = B5DFA01C26339F240072C3D5 /* Api.swift */; };
		B5DFA02326339F6F0072C3D5 /* DataInitialRepository.swift in Sources */ = {isa = PBXBuildFile; fileRef = B5DFA02226339F6F0072C3D5 /* DataInitialRepository.swift */; };
		B5DFA0302633A0380072C3D5 /* DataInitialResponse.swift in Sources */ = {isa = PBXBuildFile; fileRef = B5DFA02F2633A0380072C3D5 /* DataInitialResponse.swift */; };
		B5DFA0392633A2F70072C3D5 /* DataInitial.json in Resources */ = {isa = PBXBuildFile; fileRef = B5DFA0382633A2F70072C3D5 /* DataInitial.json */; };
		B5DFA03E2633AA750072C3D5 /* DataInitialProxy.swift in Sources */ = {isa = PBXBuildFile; fileRef = B5DFA03D2633AA750072C3D5 /* DataInitialProxy.swift */; };
		B5DFA0442633AC320072C3D5 /* GetDataInitialUseCase.swift in Sources */ = {isa = PBXBuildFile; fileRef = B5DFA0432633AC320072C3D5 /* GetDataInitialUseCase.swift */; };
		B5DFA04C2633B3910072C3D5 /* SplashViewModel.swift in Sources */ = {isa = PBXBuildFile; fileRef = B5DFA04B2633B3910072C3D5 /* SplashViewModel.swift */; };
		B5DFA05826351F730072C3D5 /* ReaderLocalJson.swift in Sources */ = {isa = PBXBuildFile; fileRef = B5DFA05726351F730072C3D5 /* ReaderLocalJson.swift */; };
		B5DFA05E263520290072C3D5 /* BaseResponse.swift in Sources */ = {isa = PBXBuildFile; fileRef = B5DFA05D263520290072C3D5 /* BaseResponse.swift */; };
		B5DFA06A263529C10072C3D5 /* MappingResponse.swift in Sources */ = {isa = PBXBuildFile; fileRef = B5DFA069263529C10072C3D5 /* MappingResponse.swift */; };
		B5DFA07F263559070072C3D5 /* LiveData.swift in Sources */ = {isa = PBXBuildFile; fileRef = B5DFA07E263559070072C3D5 /* LiveData.swift */; };
		B5DFA08626355D530072C3D5 /* BaseViewController.swift in Sources */ = {isa = PBXBuildFile; fileRef = B5DFA08526355D530072C3D5 /* BaseViewController.swift */; };
		B5DFA097263654350072C3D5 /* BcpColors.swift in Sources */ = {isa = PBXBuildFile; fileRef = B5DFA096263654350072C3D5 /* BcpColors.swift */; };
		B5DFA09D26366A020072C3D5 /* Extension+UILabel.swift in Sources */ = {isa = PBXBuildFile; fileRef = B5DFA09C26366A020072C3D5 /* Extension+UILabel.swift */; };
/* End PBXBuildFile section */

/* Begin PBXContainerItemProxy section */
		B5988BBC26321BEB003F0780 /* PBXContainerItemProxy */ = {
			isa = PBXContainerItemProxy;
			containerPortal = B5988B9D26321BE9003F0780 /* Project object */;
			proxyType = 1;
			remoteGlobalIDString = B5988BA426321BE9003F0780;
			remoteInfo = ReplicaBCP;
		};
		B5988BC726321BEB003F0780 /* PBXContainerItemProxy */ = {
			isa = PBXContainerItemProxy;
			containerPortal = B5988B9D26321BE9003F0780 /* Project object */;
			proxyType = 1;
			remoteGlobalIDString = B5988BA426321BE9003F0780;
			remoteInfo = ReplicaBCP;
		};
/* End PBXContainerItemProxy section */

/* Begin PBXFileReference section */
		B5988BA526321BE9003F0780 /* ReplicaBCP.app */ = {isa = PBXFileReference; explicitFileType = wrapper.application; includeInIndex = 0; path = ReplicaBCP.app; sourceTree = BUILT_PRODUCTS_DIR; };
		B5988BA826321BE9003F0780 /* AppDelegate.swift */ = {isa = PBXFileReference; lastKnownFileType = sourcecode.swift; path = AppDelegate.swift; sourceTree = "<group>"; };
		B5988BAA26321BE9003F0780 /* SceneDelegate.swift */ = {isa = PBXFileReference; lastKnownFileType = sourcecode.swift; path = SceneDelegate.swift; sourceTree = "<group>"; };
		B5988BAC26321BE9003F0780 /* SplashViewController.swift */ = {isa = PBXFileReference; lastKnownFileType = sourcecode.swift; path = SplashViewController.swift; sourceTree = "<group>"; };
		B5988BAF26321BE9003F0780 /* Base */ = {isa = PBXFileReference; lastKnownFileType = file.storyboard; name = Base; path = Base.lproj/Splash.storyboard; sourceTree = "<group>"; };
		B5988BB126321BEB003F0780 /* Assets.xcassets */ = {isa = PBXFileReference; lastKnownFileType = folder.assetcatalog; path = Assets.xcassets; sourceTree = "<group>"; };
		B5988BB426321BEB003F0780 /* Base */ = {isa = PBXFileReference; lastKnownFileType = file.storyboard; name = Base; path = Base.lproj/LaunchScreen.storyboard; sourceTree = "<group>"; };
		B5988BB626321BEB003F0780 /* Info.plist */ = {isa = PBXFileReference; lastKnownFileType = text.plist.xml; path = Info.plist; sourceTree = "<group>"; };
		B5988BBB26321BEB003F0780 /* ReplicaBCPTests.xctest */ = {isa = PBXFileReference; explicitFileType = wrapper.cfbundle; includeInIndex = 0; path = ReplicaBCPTests.xctest; sourceTree = BUILT_PRODUCTS_DIR; };
		B5988BBF26321BEB003F0780 /* ReplicaBCPTests.swift */ = {isa = PBXFileReference; lastKnownFileType = sourcecode.swift; path = ReplicaBCPTests.swift; sourceTree = "<group>"; };
		B5988BC126321BEB003F0780 /* Info.plist */ = {isa = PBXFileReference; lastKnownFileType = text.plist.xml; path = Info.plist; sourceTree = "<group>"; };
		B5988BC626321BEB003F0780 /* ReplicaBCPUITests.xctest */ = {isa = PBXFileReference; explicitFileType = wrapper.cfbundle; includeInIndex = 0; path = ReplicaBCPUITests.xctest; sourceTree = BUILT_PRODUCTS_DIR; };
		B5988BCA26321BEB003F0780 /* ReplicaBCPUITests.swift */ = {isa = PBXFileReference; lastKnownFileType = sourcecode.swift; path = ReplicaBCPUITests.swift; sourceTree = "<group>"; };
		B5988BCC26321BEB003F0780 /* Info.plist */ = {isa = PBXFileReference; lastKnownFileType = text.plist.xml; path = Info.plist; sourceTree = "<group>"; };
		B5988C192632392B003F0780 /* Login.storyboard */ = {isa = PBXFileReference; lastKnownFileType = file.storyboard; path = Login.storyboard; sourceTree = "<group>"; };
		B5988C1F26323950003F0780 /* Home.storyboard */ = {isa = PBXFileReference; lastKnownFileType = file.storyboard; path = Home.storyboard; sourceTree = "<group>"; };
		B5988C2426323A06003F0780 /* LoginViewController.swift */ = {isa = PBXFileReference; lastKnownFileType = sourcecode.swift; path = LoginViewController.swift; sourceTree = "<group>"; };
		B5988C2926323A28003F0780 /* HomeViewController.swift */ = {isa = PBXFileReference; lastKnownFileType = sourcecode.swift; path = HomeViewController.swift; sourceTree = "<group>"; };
		B5DFA00D26339BA80072C3D5 /* IGetDataInitialRepository.swift */ = {isa = PBXFileReference; lastKnownFileType = sourcecode.swift; path = IGetDataInitialRepository.swift; sourceTree = "<group>"; };
		B5DFA01726339E370072C3D5 /* DataConfigurationModel.swift */ = {isa = PBXFileReference; lastKnownFileType = sourcecode.swift; path = DataConfigurationModel.swift; sourceTree = "<group>"; };
		B5DFA01C26339F240072C3D5 /* Api.swift */ = {isa = PBXFileReference; lastKnownFileType = sourcecode.swift; path = Api.swift; sourceTree = "<group>"; };
		B5DFA02226339F6F0072C3D5 /* DataInitialRepository.swift */ = {isa = PBXFileReference; lastKnownFileType = sourcecode.swift; path = DataInitialRepository.swift; sourceTree = "<group>"; };
		B5DFA02F2633A0380072C3D5 /* DataInitialResponse.swift */ = {isa = PBXFileReference; lastKnownFileType = sourcecode.swift; path = DataInitialResponse.swift; sourceTree = "<group>"; };
		B5DFA0382633A2F70072C3D5 /* DataInitial.json */ = {isa = PBXFileReference; lastKnownFileType = text.json; path = DataInitial.json; sourceTree = "<group>"; };
		B5DFA03D2633AA750072C3D5 /* DataInitialProxy.swift */ = {isa = PBXFileReference; lastKnownFileType = sourcecode.swift; path = DataInitialProxy.swift; sourceTree = "<group>"; };
		B5DFA0432633AC320072C3D5 /* GetDataInitialUseCase.swift */ = {isa = PBXFileReference; lastKnownFileType = sourcecode.swift; path = GetDataInitialUseCase.swift; sourceTree = "<group>"; };
		B5DFA04B2633B3910072C3D5 /* SplashViewModel.swift */ = {isa = PBXFileReference; lastKnownFileType = sourcecode.swift; path = SplashViewModel.swift; sourceTree = "<group>"; };
		B5DFA05726351F730072C3D5 /* ReaderLocalJson.swift */ = {isa = PBXFileReference; lastKnownFileType = sourcecode.swift; path = ReaderLocalJson.swift; sourceTree = "<group>"; };
		B5DFA05D263520290072C3D5 /* BaseResponse.swift */ = {isa = PBXFileReference; lastKnownFileType = sourcecode.swift; path = BaseResponse.swift; sourceTree = "<group>"; };
		B5DFA069263529C10072C3D5 /* MappingResponse.swift */ = {isa = PBXFileReference; lastKnownFileType = sourcecode.swift; path = MappingResponse.swift; sourceTree = "<group>"; };
		B5DFA07E263559070072C3D5 /* LiveData.swift */ = {isa = PBXFileReference; lastKnownFileType = sourcecode.swift; path = LiveData.swift; sourceTree = "<group>"; };
		B5DFA08526355D530072C3D5 /* BaseViewController.swift */ = {isa = PBXFileReference; lastKnownFileType = sourcecode.swift; path = BaseViewController.swift; sourceTree = "<group>"; };
		B5DFA096263654350072C3D5 /* BcpColors.swift */ = {isa = PBXFileReference; lastKnownFileType = sourcecode.swift; path = BcpColors.swift; sourceTree = "<group>"; };
		B5DFA09C26366A020072C3D5 /* Extension+UILabel.swift */ = {isa = PBXFileReference; lastKnownFileType = sourcecode.swift; path = "Extension+UILabel.swift"; sourceTree = "<group>"; };
/* End PBXFileReference section */

/* Begin PBXFrameworksBuildPhase section */
		B5988BA226321BE9003F0780 /* Frameworks */ = {
			isa = PBXFrameworksBuildPhase;
			buildActionMask = 2147483647;
			files = (
			);
			runOnlyForDeploymentPostprocessing = 0;
		};
		B5988BB826321BEB003F0780 /* Frameworks */ = {
			isa = PBXFrameworksBuildPhase;
			buildActionMask = 2147483647;
			files = (
			);
			runOnlyForDeploymentPostprocessing = 0;
		};
		B5988BC326321BEB003F0780 /* Frameworks */ = {
			isa = PBXFrameworksBuildPhase;
			buildActionMask = 2147483647;
			files = (
			);
			runOnlyForDeploymentPostprocessing = 0;
		};
/* End PBXFrameworksBuildPhase section */

/* Begin PBXGroup section */
		B5988B9C26321BE9003F0780 = {
			isa = PBXGroup;
			children = (
				B5988BA726321BE9003F0780 /* ReplicaBCP */,
				B5988BBE26321BEB003F0780 /* ReplicaBCPTests */,
				B5988BC926321BEB003F0780 /* ReplicaBCPUITests */,
				B5988BA626321BE9003F0780 /* Products */,
			);
			sourceTree = "<group>";
		};
		B5988BA626321BE9003F0780 /* Products */ = {
			isa = PBXGroup;
			children = (
				B5988BA526321BE9003F0780 /* ReplicaBCP.app */,
				B5988BBB26321BEB003F0780 /* ReplicaBCPTests.xctest */,
				B5988BC626321BEB003F0780 /* ReplicaBCPUITests.xctest */,
			);
			name = Products;
			sourceTree = "<group>";
		};
		B5988BA726321BE9003F0780 /* ReplicaBCP */ = {
			isa = PBXGroup;
			children = (
				B5DFA08326355D220072C3D5 /* commons */,
				B5988BF0263234C1003F0780 /* Features */,
				B5988BE6263233DA003F0780 /* Supporting */,
				B5988BDF263233A2003F0780 /* Application */,
				B5988BDB26323225003F0780 /* Resources */,
			);
			path = ReplicaBCP;
			sourceTree = "<group>";
		};
		B5988BBE26321BEB003F0780 /* ReplicaBCPTests */ = {
			isa = PBXGroup;
			children = (
				B5988BBF26321BEB003F0780 /* ReplicaBCPTests.swift */,
				B5988BC126321BEB003F0780 /* Info.plist */,
			);
			path = ReplicaBCPTests;
			sourceTree = "<group>";
		};
		B5988BC926321BEB003F0780 /* ReplicaBCPUITests */ = {
			isa = PBXGroup;
			children = (
				B5988BCA26321BEB003F0780 /* ReplicaBCPUITests.swift */,
				B5988BCC26321BEB003F0780 /* Info.plist */,
			);
			path = ReplicaBCPUITests;
			sourceTree = "<group>";
		};
		B5988BDB26323225003F0780 /* Resources */ = {
			isa = PBXGroup;
			children = (
				B5DFA0382633A2F70072C3D5 /* DataInitial.json */,
				B5DFA0372633A1DC0072C3D5 /* Files */,
				B5988BB326321BEB003F0780 /* LaunchScreen.storyboard */,
				B5988BB126321BEB003F0780 /* Assets.xcassets */,
			);
			path = Resources;
			sourceTree = "<group>";
		};
		B5988BDF263233A2003F0780 /* Application */ = {
			isa = PBXGroup;
			children = (
				B5988BAA26321BE9003F0780 /* SceneDelegate.swift */,
				B5988BA826321BE9003F0780 /* AppDelegate.swift */,
			);
			path = Application;
			sourceTree = "<group>";
		};
		B5988BE6263233DA003F0780 /* Supporting */ = {
			isa = PBXGroup;
			children = (
				B5988BB626321BEB003F0780 /* Info.plist */,
			);
			path = Supporting;
			sourceTree = "<group>";
		};
		B5988BF0263234C1003F0780 /* Features */ = {
			isa = PBXGroup;
			children = (
				B5988BF62632357D003F0780 /* Home */,
				B5988BF526323570003F0780 /* Login */,
				B5988BF1263234D2003F0780 /* Splash */,
			);
			path = Features;
			sourceTree = "<group>";
		};
		B5988BF1263234D2003F0780 /* Splash */ = {
			isa = PBXGroup;
			children = (
				B5DFA00B26339AF00072C3D5 /* Data */,
				B5DFA00A26339AE60072C3D5 /* Domain */,
				B5988BFE2632360F003F0780 /* Presentacion */,
			);
			path = Splash;
			sourceTree = "<group>";
		};
		B5988BF526323570003F0780 /* Login */ = {
			isa = PBXGroup;
			children = (
				B5988BFD263235E2003F0780 /* Data */,
				B5988BFC263235DA003F0780 /* Domain */,
				B5988BFA263235B7003F0780 /* Presentacion */,
			);
			path = Login;
			sourceTree = "<group>";
		};
		B5988BF62632357D003F0780 /* Home */ = {
			isa = PBXGroup;
			children = (
				B5988C2E26323B84003F0780 /* Presentacion */,
			);
			path = Home;
			sourceTree = "<group>";
		};
		B5988BF726323589003F0780 /* View */ = {
			isa = PBXGroup;
			children = (
				B5988C1F26323950003F0780 /* Home.storyboard */,
				B5988C2926323A28003F0780 /* HomeViewController.swift */,
			);
			path = View;
			sourceTree = "<group>";
		};
		B5988BF826323596003F0780 /* View */ = {
			isa = PBXGroup;
			children = (
				B5988BAE26321BE9003F0780 /* Splash.storyboard */,
				B5988BAC26321BE9003F0780 /* SplashViewController.swift */,
			);
			path = View;
			sourceTree = "<group>";
		};
		B5988BF92632359E003F0780 /* ViewModel */ = {
			isa = PBXGroup;
			children = (
				B5DFA04B2633B3910072C3D5 /* SplashViewModel.swift */,
			);
			path = ViewModel;
			sourceTree = "<group>";
		};
		B5988BFA263235B7003F0780 /* Presentacion */ = {
			isa = PBXGroup;
			children = (
				B5988C15263238DB003F0780 /* ViewModel */,
				B5988C14263238D1003F0780 /* View */,
			);
			path = Presentacion;
			sourceTree = "<group>";
		};
		B5988BFC263235DA003F0780 /* Domain */ = {
			isa = PBXGroup;
			children = (
			);
			path = Domain;
			sourceTree = "<group>";
		};
		B5988BFD263235E2003F0780 /* Data */ = {
			isa = PBXGroup;
			children = (
			);
			path = Data;
			sourceTree = "<group>";
		};
		B5988BFE2632360F003F0780 /* Presentacion */ = {
			isa = PBXGroup;
			children = (
				B5DFA07D263558EF0072C3D5 /* Util */,
				B5988BF826323596003F0780 /* View */,
				B5988BF92632359E003F0780 /* ViewModel */,
			);
			path = Presentacion;
			sourceTree = "<group>";
		};
		B5988C14263238D1003F0780 /* View */ = {
			isa = PBXGroup;
			children = (
				B5988C192632392B003F0780 /* Login.storyboard */,
				B5988C2426323A06003F0780 /* LoginViewController.swift */,
			);
			path = View;
			sourceTree = "<group>";
		};
		B5988C15263238DB003F0780 /* ViewModel */ = {
			isa = PBXGroup;
			children = (
			);
			path = ViewModel;
			sourceTree = "<group>";
		};
		B5988C2E26323B84003F0780 /* Presentacion */ = {
			isa = PBXGroup;
			children = (
				B5988BF726323589003F0780 /* View */,
			);
			path = Presentacion;
			sourceTree = "<group>";
		};
		B5DFA00A26339AE60072C3D5 /* Domain */ = {
			isa = PBXGroup;
			children = (
				B5DFA0422633AB890072C3D5 /* UseCase */,
				B5DFA01526339E180072C3D5 /* Model */,
				B5DFA00D26339BA80072C3D5 /* IGetDataInitialRepository.swift */,
			);
			path = Domain;
			sourceTree = "<group>";
		};
		B5DFA00B26339AF00072C3D5 /* Data */ = {
			isa = PBXGroup;
			children = (
				B5DFA02D26339FF50072C3D5 /* Request */,
				B5DFA02E26339FFD0072C3D5 /* Response */,
				B5DFA05426351E5E0072C3D5 /* Remote */,
				B5DFA05326351E4B0072C3D5 /* Local */,
				B5DFA02226339F6F0072C3D5 /* DataInitialRepository.swift */,
				B5DFA03D2633AA750072C3D5 /* DataInitialProxy.swift */,
			);
			path = Data;
			sourceTree = "<group>";
		};
		B5DFA01526339E180072C3D5 /* Model */ = {
			isa = PBXGroup;
			children = (
				B5DFA01726339E370072C3D5 /* DataConfigurationModel.swift */,
			);
			path = Model;
			sourceTree = "<group>";
		};
		B5DFA02126339F300072C3D5 /* Api */ = {
			isa = PBXGroup;
			children = (
				B5DFA01C26339F240072C3D5 /* Api.swift */,
			);
			path = Api;
			sourceTree = "<group>";
		};
		B5DFA02D26339FF50072C3D5 /* Request */ = {
			isa = PBXGroup;
			children = (
			);
			path = Request;
			sourceTree = "<group>";
		};
		B5DFA02E26339FFD0072C3D5 /* Response */ = {
			isa = PBXGroup;
			children = (
				B5DFA02F2633A0380072C3D5 /* DataInitialResponse.swift */,
			);
			path = Response;
			sourceTree = "<group>";
		};
		B5DFA0372633A1DC0072C3D5 /* Files */ = {
			isa = PBXGroup;
			children = (
			);
			path = Files;
			sourceTree = "<group>";
		};
		B5DFA0422633AB890072C3D5 /* UseCase */ = {
			isa = PBXGroup;
			children = (
				B5DFA0432633AC320072C3D5 /* GetDataInitialUseCase.swift */,
			);
			path = UseCase;
			sourceTree = "<group>";
		};
		B5DFA05326351E4B0072C3D5 /* Local */ = {
			isa = PBXGroup;
			children = (
				B5DFA05526351F420072C3D5 /* Util */,
			);
			path = Local;
			sourceTree = "<group>";
		};
		B5DFA05426351E5E0072C3D5 /* Remote */ = {
			isa = PBXGroup;
			children = (
				B5DFA02126339F300072C3D5 /* Api */,
			);
			path = Remote;
			sourceTree = "<group>";
		};
		B5DFA05526351F420072C3D5 /* Util */ = {
			isa = PBXGroup;
			children = (
				B5DFA05726351F730072C3D5 /* ReaderLocalJson.swift */,
				B5DFA069263529C10072C3D5 /* MappingResponse.swift */,
			);
			path = Util;
			sourceTree = "<group>";
		};
		B5DFA07D263558EF0072C3D5 /* Util */ = {
			isa = PBXGroup;
			children = (
				B5DFA07E263559070072C3D5 /* LiveData.swift */,
			);
			path = Util;
			sourceTree = "<group>";
		};
		B5DFA08326355D220072C3D5 /* commons */ = {
			isa = PBXGroup;
			children = (
				B5DFA09B26365BD10072C3D5 /* Colors */,
				B5DFA08426355D2B0072C3D5 /* Bases */,
				B5DFA09C26366A020072C3D5 /* Extension+UILabel.swift */,
			);
			path = commons;
			sourceTree = "<group>";
		};
		B5DFA08426355D2B0072C3D5 /* Bases */ = {
			isa = PBXGroup;
			children = (
				B5DFA05D263520290072C3D5 /* BaseResponse.swift */,
				B5DFA08526355D530072C3D5 /* BaseViewController.swift */,
			);
			path = Bases;
			sourceTree = "<group>";
		};
		B5DFA09B26365BD10072C3D5 /* Colors */ = {
			isa = PBXGroup;
			children = (
				B5DFA096263654350072C3D5 /* BcpColors.swift */,
			);
			path = Colors;
			sourceTree = "<group>";
		};
/* End PBXGroup section */

/* Begin PBXNativeTarget section */
		B5988BA426321BE9003F0780 /* ReplicaBCP */ = {
			isa = PBXNativeTarget;
			buildConfigurationList = B5988BCF26321BEB003F0780 /* Build configuration list for PBXNativeTarget "ReplicaBCP" */;
			buildPhases = (
				B5988BA126321BE9003F0780 /* Sources */,
				B5988BA226321BE9003F0780 /* Frameworks */,
				B5988BA326321BE9003F0780 /* Resources */,
			);
			buildRules = (
			);
			dependencies = (
			);
			name = ReplicaBCP;
			productName = ReplicaBCP;
			productReference = B5988BA526321BE9003F0780 /* ReplicaBCP.app */;
			productType = "com.apple.product-type.application";
		};
		B5988BBA26321BEB003F0780 /* ReplicaBCPTests */ = {
			isa = PBXNativeTarget;
			buildConfigurationList = B5988BD226321BEB003F0780 /* Build configuration list for PBXNativeTarget "ReplicaBCPTests" */;
			buildPhases = (
				B5988BB726321BEB003F0780 /* Sources */,
				B5988BB826321BEB003F0780 /* Frameworks */,
				B5988BB926321BEB003F0780 /* Resources */,
			);
			buildRules = (
			);
			dependencies = (
				B5988BBD26321BEB003F0780 /* PBXTargetDependency */,
			);
			name = ReplicaBCPTests;
			productName = ReplicaBCPTests;
			productReference = B5988BBB26321BEB003F0780 /* ReplicaBCPTests.xctest */;
			productType = "com.apple.product-type.bundle.unit-test";
		};
		B5988BC526321BEB003F0780 /* ReplicaBCPUITests */ = {
			isa = PBXNativeTarget;
			buildConfigurationList = B5988BD526321BEB003F0780 /* Build configuration list for PBXNativeTarget "ReplicaBCPUITests" */;
			buildPhases = (
				B5988BC226321BEB003F0780 /* Sources */,
				B5988BC326321BEB003F0780 /* Frameworks */,
				B5988BC426321BEB003F0780 /* Resources */,
			);
			buildRules = (
			);
			dependencies = (
				B5988BC826321BEB003F0780 /* PBXTargetDependency */,
			);
			name = ReplicaBCPUITests;
			productName = ReplicaBCPUITests;
			productReference = B5988BC626321BEB003F0780 /* ReplicaBCPUITests.xctest */;
			productType = "com.apple.product-type.bundle.ui-testing";
		};
/* End PBXNativeTarget section */

/* Begin PBXProject section */
		B5988B9D26321BE9003F0780 /* Project object */ = {
			isa = PBXProject;
			attributes = {
				LastSwiftUpdateCheck = 1240;
				LastUpgradeCheck = 1240;
				TargetAttributes = {
					B5988BA426321BE9003F0780 = {
						CreatedOnToolsVersion = 12.4;
					};
					B5988BBA26321BEB003F0780 = {
						CreatedOnToolsVersion = 12.4;
						TestTargetID = B5988BA426321BE9003F0780;
					};
					B5988BC526321BEB003F0780 = {
						CreatedOnToolsVersion = 12.4;
						TestTargetID = B5988BA426321BE9003F0780;
					};
				};
			};
			buildConfigurationList = B5988BA026321BE9003F0780 /* Build configuration list for PBXProject "ReplicaBCP" */;
			compatibilityVersion = "Xcode 9.3";
			developmentRegion = en;
			hasScannedForEncodings = 0;
			knownRegions = (
				en,
				Base,
			);
			mainGroup = B5988B9C26321BE9003F0780;
			productRefGroup = B5988BA626321BE9003F0780 /* Products */;
			projectDirPath = "";
			projectRoot = "";
			targets = (
				B5988BA426321BE9003F0780 /* ReplicaBCP */,
				B5988BBA26321BEB003F0780 /* ReplicaBCPTests */,
				B5988BC526321BEB003F0780 /* ReplicaBCPUITests */,
			);
		};
/* End PBXProject section */

/* Begin PBXResourcesBuildPhase section */
		B5988BA326321BE9003F0780 /* Resources */ = {
			isa = PBXResourcesBuildPhase;
			buildActionMask = 2147483647;
			files = (
				B5DFA0392633A2F70072C3D5 /* DataInitial.json in Resources */,
				B5988C1A2632392B003F0780 /* Login.storyboard in Resources */,
				B5988C2026323950003F0780 /* Home.storyboard in Resources */,
				B5988BB526321BEB003F0780 /* LaunchScreen.storyboard in Resources */,
				B5988BB226321BEB003F0780 /* Assets.xcassets in Resources */,
				B5988BB026321BE9003F0780 /* Splash.storyboard in Resources */,
			);
			runOnlyForDeploymentPostprocessing = 0;
		};
		B5988BB926321BEB003F0780 /* Resources */ = {
			isa = PBXResourcesBuildPhase;
			buildActionMask = 2147483647;
			files = (
			);
			runOnlyForDeploymentPostprocessing = 0;
		};
		B5988BC426321BEB003F0780 /* Resources */ = {
			isa = PBXResourcesBuildPhase;
			buildActionMask = 2147483647;
			files = (
			);
			runOnlyForDeploymentPostprocessing = 0;
		};
/* End PBXResourcesBuildPhase section */

/* Begin PBXSourcesBuildPhase section */
		B5988BA126321BE9003F0780 /* Sources */ = {
			isa = PBXSourcesBuildPhase;
			buildActionMask = 2147483647;
			files = (
				B5DFA05E263520290072C3D5 /* BaseResponse.swift in Sources */,
				B5988C2A26323A28003F0780 /* HomeViewController.swift in Sources */,
				B5DFA07F263559070072C3D5 /* LiveData.swift in Sources */,
				B5DFA0302633A0380072C3D5 /* DataInitialResponse.swift in Sources */,
				B5DFA01826339E370072C3D5 /* DataConfigurationModel.swift in Sources */,
				B5DFA097263654350072C3D5 /* BcpColors.swift in Sources */,
				B5DFA08626355D530072C3D5 /* BaseViewController.swift in Sources */,
				B5DFA0442633AC320072C3D5 /* GetDataInitialUseCase.swift in Sources */,
				B5988C2526323A06003F0780 /* LoginViewController.swift in Sources */,
				B5988BAD26321BE9003F0780 /* SplashViewController.swift in Sources */,
				B5DFA00E26339BA80072C3D5 /* IGetDataInitialRepository.swift in Sources */,
				B5988BA926321BE9003F0780 /* AppDelegate.swift in Sources */,
				B5DFA05826351F730072C3D5 /* ReaderLocalJson.swift in Sources */,
				B5DFA09D26366A020072C3D5 /* Extension+UILabel.swift in Sources */,
				B5DFA04C2633B3910072C3D5 /* SplashViewModel.swift in Sources */,
				B5DFA06A263529C10072C3D5 /* MappingResponse.swift in Sources */,
				B5DFA01D26339F240072C3D5 /* Api.swift in Sources */,
				B5DFA03E2633AA750072C3D5 /* DataInitialProxy.swift in Sources */,
				B5DFA02326339F6F0072C3D5 /* DataInitialRepository.swift in Sources */,
				B5988BAB26321BE9003F0780 /* SceneDelegate.swift in Sources */,
			);
			runOnlyForDeploymentPostprocessing = 0;
		};
		B5988BB726321BEB003F0780 /* Sources */ = {
			isa = PBXSourcesBuildPhase;
			buildActionMask = 2147483647;
			files = (
				B5988BC026321BEB003F0780 /* ReplicaBCPTests.swift in Sources */,
			);
			runOnlyForDeploymentPostprocessing = 0;
		};
		B5988BC226321BEB003F0780 /* Sources */ = {
			isa = PBXSourcesBuildPhase;
			buildActionMask = 2147483647;
			files = (
				B5988BCB26321BEB003F0780 /* ReplicaBCPUITests.swift in Sources */,
			);
			runOnlyForDeploymentPostprocessing = 0;
		};
/* End PBXSourcesBuildPhase section */

/* Begin PBXTargetDependency section */
		B5988BBD26321BEB003F0780 /* PBXTargetDependency */ = {
			isa = PBXTargetDependency;
			target = B5988BA426321BE9003F0780 /* ReplicaBCP */;
			targetProxy = B5988BBC26321BEB003F0780 /* PBXContainerItemProxy */;
		};
		B5988BC826321BEB003F0780 /* PBXTargetDependency */ = {
			isa = PBXTargetDependency;
			target = B5988BA426321BE9003F0780 /* ReplicaBCP */;
			targetProxy = B5988BC726321BEB003F0780 /* PBXContainerItemProxy */;
		};
/* End PBXTargetDependency section */

/* Begin PBXVariantGroup section */
		B5988BAE26321BE9003F0780 /* Splash.storyboard */ = {
			isa = PBXVariantGroup;
			children = (
				B5988BAF26321BE9003F0780 /* Base */,
			);
			name = Splash.storyboard;
			sourceTree = "<group>";
		};
		B5988BB326321BEB003F0780 /* LaunchScreen.storyboard */ = {
			isa = PBXVariantGroup;
			children = (
				B5988BB426321BEB003F0780 /* Base */,
			);
			name = LaunchScreen.storyboard;
			sourceTree = "<group>";
		};
/* End PBXVariantGroup section */

/* Begin XCBuildConfiguration section */
		B5988BCD26321BEB003F0780 /* Debug */ = {
			isa = XCBuildConfiguration;
			buildSettings = {
				ALWAYS_SEARCH_USER_PATHS = NO;
				CLANG_ANALYZER_NONNULL = YES;
				CLANG_ANALYZER_NUMBER_OBJECT_CONVERSION = YES_AGGRESSIVE;
				CLANG_CXX_LANGUAGE_STANDARD = "gnu++14";
				CLANG_CXX_LIBRARY = "libc++";
				CLANG_ENABLE_MODULES = YES;
				CLANG_ENABLE_OBJC_ARC = YES;
				CLANG_ENABLE_OBJC_WEAK = YES;
				CLANG_WARN_BLOCK_CAPTURE_AUTORELEASING = YES;
				CLANG_WARN_BOOL_CONVERSION = YES;
				CLANG_WARN_COMMA = YES;
				CLANG_WARN_CONSTANT_CONVERSION = YES;
				CLANG_WARN_DEPRECATED_OBJC_IMPLEMENTATIONS = YES;
				CLANG_WARN_DIRECT_OBJC_ISA_USAGE = YES_ERROR;
				CLANG_WARN_DOCUMENTATION_COMMENTS = YES;
				CLANG_WARN_EMPTY_BODY = YES;
				CLANG_WARN_ENUM_CONVERSION = YES;
				CLANG_WARN_INFINITE_RECURSION = YES;
				CLANG_WARN_INT_CONVERSION = YES;
				CLANG_WARN_NON_LITERAL_NULL_CONVERSION = YES;
				CLANG_WARN_OBJC_IMPLICIT_RETAIN_SELF = YES;
				CLANG_WARN_OBJC_LITERAL_CONVERSION = YES;
				CLANG_WARN_OBJC_ROOT_CLASS = YES_ERROR;
				CLANG_WARN_QUOTED_INCLUDE_IN_FRAMEWORK_HEADER = YES;
				CLANG_WARN_RANGE_LOOP_ANALYSIS = YES;
				CLANG_WARN_STRICT_PROTOTYPES = YES;
				CLANG_WARN_SUSPICIOUS_MOVE = YES;
				CLANG_WARN_UNGUARDED_AVAILABILITY = YES_AGGRESSIVE;
				CLANG_WARN_UNREACHABLE_CODE = YES;
				CLANG_WARN__DUPLICATE_METHOD_MATCH = YES;
				COPY_PHASE_STRIP = NO;
				DEBUG_INFORMATION_FORMAT = dwarf;
				ENABLE_STRICT_OBJC_MSGSEND = YES;
				ENABLE_TESTABILITY = YES;
				GCC_C_LANGUAGE_STANDARD = gnu11;
				GCC_DYNAMIC_NO_PIC = NO;
				GCC_NO_COMMON_BLOCKS = YES;
				GCC_OPTIMIZATION_LEVEL = 0;
				GCC_PREPROCESSOR_DEFINITIONS = (
					"DEBUG=1",
					"$(inherited)",
				);
				GCC_WARN_64_TO_32_BIT_CONVERSION = YES;
				GCC_WARN_ABOUT_RETURN_TYPE = YES_ERROR;
				GCC_WARN_UNDECLARED_SELECTOR = YES;
				GCC_WARN_UNINITIALIZED_AUTOS = YES_AGGRESSIVE;
				GCC_WARN_UNUSED_FUNCTION = YES;
				GCC_WARN_UNUSED_VARIABLE = YES;
				IPHONEOS_DEPLOYMENT_TARGET = 14.4;
				MTL_ENABLE_DEBUG_INFO = INCLUDE_SOURCE;
				MTL_FAST_MATH = YES;
				ONLY_ACTIVE_ARCH = YES;
				SDKROOT = iphoneos;
				SWIFT_ACTIVE_COMPILATION_CONDITIONS = DEBUG;
				SWIFT_OPTIMIZATION_LEVEL = "-Onone";
			};
			name = Debug;
		};
		B5988BCE26321BEB003F0780 /* Release */ = {
			isa = XCBuildConfiguration;
			buildSettings = {
				ALWAYS_SEARCH_USER_PATHS = NO;
				CLANG_ANALYZER_NONNULL = YES;
				CLANG_ANALYZER_NUMBER_OBJECT_CONVERSION = YES_AGGRESSIVE;
				CLANG_CXX_LANGUAGE_STANDARD = "gnu++14";
				CLANG_CXX_LIBRARY = "libc++";
				CLANG_ENABLE_MODULES = YES;
				CLANG_ENABLE_OBJC_ARC = YES;
				CLANG_ENABLE_OBJC_WEAK = YES;
				CLANG_WARN_BLOCK_CAPTURE_AUTORELEASING = YES;
				CLANG_WARN_BOOL_CONVERSION = YES;
				CLANG_WARN_COMMA = YES;
				CLANG_WARN_CONSTANT_CONVERSION = YES;
				CLANG_WARN_DEPRECATED_OBJC_IMPLEMENTATIONS = YES;
				CLANG_WARN_DIRECT_OBJC_ISA_USAGE = YES_ERROR;
				CLANG_WARN_DOCUMENTATION_COMMENTS = YES;
				CLANG_WARN_EMPTY_BODY = YES;
				CLANG_WARN_ENUM_CONVERSION = YES;
				CLANG_WARN_INFINITE_RECURSION = YES;
				CLANG_WARN_INT_CONVERSION = YES;
				CLANG_WARN_NON_LITERAL_NULL_CONVERSION = YES;
				CLANG_WARN_OBJC_IMPLICIT_RETAIN_SELF = YES;
				CLANG_WARN_OBJC_LITERAL_CONVERSION = YES;
				CLANG_WARN_OBJC_ROOT_CLASS = YES_ERROR;
				CLANG_WARN_QUOTED_INCLUDE_IN_FRAMEWORK_HEADER = YES;
				CLANG_WARN_RANGE_LOOP_ANALYSIS = YES;
				CLANG_WARN_STRICT_PROTOTYPES = YES;
				CLANG_WARN_SUSPICIOUS_MOVE = YES;
				CLANG_WARN_UNGUARDED_AVAILABILITY = YES_AGGRESSIVE;
				CLANG_WARN_UNREACHABLE_CODE = YES;
				CLANG_WARN__DUPLICATE_METHOD_MATCH = YES;
				COPY_PHASE_STRIP = NO;
				DEBUG_INFORMATION_FORMAT = "dwarf-with-dsym";
				ENABLE_NS_ASSERTIONS = NO;
				ENABLE_STRICT_OBJC_MSGSEND = YES;
				GCC_C_LANGUAGE_STANDARD = gnu11;
				GCC_NO_COMMON_BLOCKS = YES;
				GCC_WARN_64_TO_32_BIT_CONVERSION = YES;
				GCC_WARN_ABOUT_RETURN_TYPE = YES_ERROR;
				GCC_WARN_UNDECLARED_SELECTOR = YES;
				GCC_WARN_UNINITIALIZED_AUTOS = YES_AGGRESSIVE;
				GCC_WARN_UNUSED_FUNCTION = YES;
				GCC_WARN_UNUSED_VARIABLE = YES;
				IPHONEOS_DEPLOYMENT_TARGET = 14.4;
				MTL_ENABLE_DEBUG_INFO = NO;
				MTL_FAST_MATH = YES;
				SDKROOT = iphoneos;
				SWIFT_COMPILATION_MODE = wholemodule;
				SWIFT_OPTIMIZATION_LEVEL = "-O";
				VALIDATE_PRODUCT = YES;
			};
			name = Release;
		};
		B5988BD026321BEB003F0780 /* Debug */ = {
			isa = XCBuildConfiguration;
			buildSettings = {
				ASSETCATALOG_COMPILER_APPICON_NAME = AppIcon;
				ASSETCATALOG_COMPILER_GLOBAL_ACCENT_COLOR_NAME = AccentColor;
				CODE_SIGN_STYLE = Automatic;
				INFOPLIST_FILE = ReplicaBCP/Supporting/Info.plist;
				LD_RUNPATH_SEARCH_PATHS = (
					"$(inherited)",
					"@executable_path/Frameworks",
				);
				PRODUCT_BUNDLE_IDENTIFIER = com.almeyda.ReplicaBCP;
				PRODUCT_NAME = "$(TARGET_NAME)";
				SWIFT_VERSION = 5.0;
				TARGETED_DEVICE_FAMILY = "1,2";
			};
			name = Debug;
		};
		B5988BD126321BEB003F0780 /* Release */ = {
			isa = XCBuildConfiguration;
			buildSettings = {
				ASSETCATALOG_COMPILER_APPICON_NAME = AppIcon;
				ASSETCATALOG_COMPILER_GLOBAL_ACCENT_COLOR_NAME = AccentColor;
				CODE_SIGN_STYLE = Automatic;
				INFOPLIST_FILE = ReplicaBCP/Supporting/Info.plist;
				LD_RUNPATH_SEARCH_PATHS = (
					"$(inherited)",
					"@executable_path/Frameworks",
				);
				PRODUCT_BUNDLE_IDENTIFIER = com.almeyda.ReplicaBCP;
				PRODUCT_NAME = "$(TARGET_NAME)";
				SWIFT_VERSION = 5.0;
				TARGETED_DEVICE_FAMILY = "1,2";
			};
			name = Release;
		};
		B5988BD326321BEB003F0780 /* Debug */ = {
			isa = XCBuildConfiguration;
			buildSettings = {
				ALWAYS_EMBED_SWIFT_STANDARD_LIBRARIES = YES;
				BUNDLE_LOADER = "$(TEST_HOST)";
				CODE_SIGN_STYLE = Automatic;
				INFOPLIST_FILE = ReplicaBCPTests/Info.plist;
				IPHONEOS_DEPLOYMENT_TARGET = 14.4;
				LD_RUNPATH_SEARCH_PATHS = (
					"$(inherited)",
					"@executable_path/Frameworks",
					"@loader_path/Frameworks",
				);
				PRODUCT_BUNDLE_IDENTIFIER = com.almeyda.ReplicaBCPTests;
				PRODUCT_NAME = "$(TARGET_NAME)";
				SWIFT_VERSION = 5.0;
				TARGETED_DEVICE_FAMILY = "1,2";
				TEST_HOST = "$(BUILT_PRODUCTS_DIR)/ReplicaBCP.app/ReplicaBCP";
			};
			name = Debug;
		};
		B5988BD426321BEB003F0780 /* Release */ = {
			isa = XCBuildConfiguration;
			buildSettings = {
				ALWAYS_EMBED_SWIFT_STANDARD_LIBRARIES = YES;
				BUNDLE_LOADER = "$(TEST_HOST)";
				CODE_SIGN_STYLE = Automatic;
				INFOPLIST_FILE = ReplicaBCPTests/Info.plist;
				IPHONEOS_DEPLOYMENT_TARGET = 14.4;
				LD_RUNPATH_SEARCH_PATHS = (
					"$(inherited)",
					"@executable_path/Frameworks",
					"@loader_path/Frameworks",
				);
				PRODUCT_BUNDLE_IDENTIFIER = com.almeyda.ReplicaBCPTests;
				PRODUCT_NAME = "$(TARGET_NAME)";
				SWIFT_VERSION = 5.0;
				TARGETED_DEVICE_FAMILY = "1,2";
				TEST_HOST = "$(BUILT_PRODUCTS_DIR)/ReplicaBCP.app/ReplicaBCP";
			};
			name = Release;
		};
		B5988BD626321BEB003F0780 /* Debug */ = {
			isa = XCBuildConfiguration;
			buildSettings = {
				ALWAYS_EMBED_SWIFT_STANDARD_LIBRARIES = YES;
				CODE_SIGN_STYLE = Automatic;
				INFOPLIST_FILE = ReplicaBCPUITests/Info.plist;
				LD_RUNPATH_SEARCH_PATHS = (
					"$(inherited)",
					"@executable_path/Frameworks",
					"@loader_path/Frameworks",
				);
				PRODUCT_BUNDLE_IDENTIFIER = com.almeyda.ReplicaBCPUITests;
				PRODUCT_NAME = "$(TARGET_NAME)";
				SWIFT_VERSION = 5.0;
				TARGETED_DEVICE_FAMILY = "1,2";
				TEST_TARGET_NAME = ReplicaBCP;
			};
			name = Debug;
		};
		B5988BD726321BEB003F0780 /* Release */ = {
			isa = XCBuildConfiguration;
			buildSettings = {
				ALWAYS_EMBED_SWIFT_STANDARD_LIBRARIES = YES;
				CODE_SIGN_STYLE = Automatic;
				INFOPLIST_FILE = ReplicaBCPUITests/Info.plist;
				LD_RUNPATH_SEARCH_PATHS = (
					"$(inherited)",
					"@executable_path/Frameworks",
					"@loader_path/Frameworks",
				);
				PRODUCT_BUNDLE_IDENTIFIER = com.almeyda.ReplicaBCPUITests;
				PRODUCT_NAME = "$(TARGET_NAME)";
				SWIFT_VERSION = 5.0;
				TARGETED_DEVICE_FAMILY = "1,2";
				TEST_TARGET_NAME = ReplicaBCP;
			};
			name = Release;
		};
/* End XCBuildConfiguration section */

/* Begin XCConfigurationList section */
		B5988BA026321BE9003F0780 /* Build configuration list for PBXProject "ReplicaBCP" */ = {
			isa = XCConfigurationList;
			buildConfigurations = (
				B5988BCD26321BEB003F0780 /* Debug */,
				B5988BCE26321BEB003F0780 /* Release */,
			);
			defaultConfigurationIsVisible = 0;
			defaultConfigurationName = Release;
		};
		B5988BCF26321BEB003F0780 /* Build configuration list for PBXNativeTarget "ReplicaBCP" */ = {
			isa = XCConfigurationList;
			buildConfigurations = (
				B5988BD026321BEB003F0780 /* Debug */,
				B5988BD126321BEB003F0780 /* Release */,
			);
			defaultConfigurationIsVisible = 0;
			defaultConfigurationName = Release;
		};
		B5988BD226321BEB003F0780 /* Build configuration list for PBXNativeTarget "ReplicaBCPTests" */ = {
			isa = XCConfigurationList;
			buildConfigurations = (
				B5988BD326321BEB003F0780 /* Debug */,
				B5988BD426321BEB003F0780 /* Release */,
			);
			defaultConfigurationIsVisible = 0;
			defaultConfigurationName = Release;
		};
		B5988BD526321BEB003F0780 /* Build configuration list for PBXNativeTarget "ReplicaBCPUITests" */ = {
			isa = XCConfigurationList;
			buildConfigurations = (
				B5988BD626321BEB003F0780 /* Debug */,
				B5988BD726321BEB003F0780 /* Release */,
			);
			defaultConfigurationIsVisible = 0;
			defaultConfigurationName = Release;
		};
/* End XCConfigurationList section */
	};
	rootObject = B5988B9D26321BE9003F0780 /* Project object */;
}
